
Microsoft Visual Studio Solution File, Format Version 12.00
# Visual Studio Version 16
VisualStudioVersion = 16.0.29926.136
MinimumVisualStudioVersion = 10.0.40219.1
Project("{FAE04EC0-301F-11D3-BF4B-00C04F79EFBC}") = "Monitoring_Tool", "Monitoring_Tool.csproj", "{A9D58AA5-5329-433D-999B-C605476B0F89}"
EndProject
Global
	GlobalSection(SolutionConfigurationPlatforms) = preSolution
		Debug|Any CPU = Debug|Any CPU
		Release|Any CPU = Release|Any CPU
	EndGlobalSection
	GlobalSection(ProjectConfigurationPlatforms) = postSolution
		{A9D58AA5-5329-433D-999B-C605476B0F89}.Debug|Any CPU.ActiveCfg = Debug|Any CPU
		{A9D58AA5-5329-433D-999B-C605476B0F89}.Debug|Any CPU.Build.0 = Debug|Any CPU
		{A9D58AA5-5329-433D-999B-C605476B0F89}.Release|Any CPU.ActiveCfg = Release|Any CPU
		{A9D58AA5-5329-433D-999B-C605476B0F89}.Release|Any CPU.Build.0 = Release|Any CPU
	EndGlobalSection
	GlobalSection(SolutionProperties) = preSolution
		HideSolutionNode = FALSE
	EndGlobalSection
	GlobalSection(ExtensibilityGlobals) = postSolution
		SolutionGuid = {06E571BD-2F54-49D9-AE6A-DA7062092F0C}
	EndGlobalSection
EndGlobal
